// !$*UTF8*$!
{
	archiveVersion = 1;
	classes = {
	};
	objectVersion = 50;
	objects = {

/* Begin PBXBuildFile section */
		84477103228AA1E500464DCA /* AppDelegate.swift in Sources */ = {isa = PBXBuildFile; fileRef = 84477102228AA1E500464DCA /* AppDelegate.swift */; };
		84477105228AA1E500464DCA /* ViewController.swift in Sources */ = {isa = PBXBuildFile; fileRef = 84477104228AA1E500464DCA /* ViewController.swift */; };
		84477108228AA1E500464DCA /* Main.storyboard in Resources */ = {isa = PBXBuildFile; fileRef = 84477106228AA1E500464DCA /* Main.storyboard */; };
		8447710A228AA1E600464DCA /* Assets.xcassets in Resources */ = {isa = PBXBuildFile; fileRef = 84477109228AA1E600464DCA /* Assets.xcassets */; };
		8447710D228AA1E600464DCA /* LaunchScreen.storyboard in Resources */ = {isa = PBXBuildFile; fileRef = 8447710B228AA1E600464DCA /* LaunchScreen.storyboard */; };
		84477118228AA1E600464DCA /* EWNumberTextFieldTests.swift in Sources */ = {isa = PBXBuildFile; fileRef = 84477117228AA1E600464DCA /* EWNumberTextFieldTests.swift */; };
		84477123228AA1E600464DCA /* EWNumberTextFieldUITests.swift in Sources */ = {isa = PBXBuildFile; fileRef = 84477122228AA1E600464DCA /* EWNumberTextFieldUITests.swift */; };
/* End PBXBuildFile section */

/* Begin PBXContainerItemProxy section */
		84477114228AA1E600464DCA /* PBXContainerItemProxy */ = {
			isa = PBXContainerItemProxy;
			containerPortal = 844770F7228AA1E500464DCA /* Project object */;
			proxyType = 1;
			remoteGlobalIDString = 844770FE228AA1E500464DCA;
			remoteInfo = EWNumberTextField;
		};
		8447711F228AA1E600464DCA /* PBXContainerItemProxy */ = {
			isa = PBXContainerItemProxy;
			containerPortal = 844770F7228AA1E500464DCA /* Project object */;
			proxyType = 1;
			remoteGlobalIDString = 844770FE228AA1E500464DCA;
			remoteInfo = EWNumberTextField;
		};
/* End PBXContainerItemProxy section */

/* Begin PBXFileReference section */
		844770FF228AA1E500464DCA /* EWNumberTextField.app */ = {isa = PBXFileReference; explicitFileType = wrapper.application; includeInIndex = 0; path = EWNumberTextField.app; sourceTree = BUILT_PRODUCTS_DIR; };
		84477102228AA1E500464DCA /* AppDelegate.swift */ = {isa = PBXFileReference; lastKnownFileType = sourcecode.swift; path = AppDelegate.swift; sourceTree = "<group>"; };
		84477104228AA1E500464DCA /* ViewController.swift */ = {isa = PBXFileReference; lastKnownFileType = sourcecode.swift; path = ViewController.swift; sourceTree = "<group>"; };
		84477107228AA1E500464DCA /* Base */ = {isa = PBXFileReference; lastKnownFileType = file.storyboard; name = Base; path = Base.lproj/Main.storyboard; sourceTree = "<group>"; };
		84477109228AA1E600464DCA /* Assets.xcassets */ = {isa = PBXFileReference; lastKnownFileType = folder.assetcatalog; path = Assets.xcassets; sourceTree = "<group>"; };
		8447710C228AA1E600464DCA /* Base */ = {isa = PBXFileReference; lastKnownFileType = file.storyboard; name = Base; path = Base.lproj/LaunchScreen.storyboard; sourceTree = "<group>"; };
		8447710E228AA1E600464DCA /* Info.plist */ = {isa = PBXFileReference; lastKnownFileType = text.plist.xml; path = Info.plist; sourceTree = "<group>"; };
		84477113228AA1E600464DCA /* EWNumberTextFieldTests.xctest */ = {isa = PBXFileReference; explicitFileType = wrapper.cfbundle; includeInIndex = 0; path = EWNumberTextFieldTests.xctest; sourceTree = BUILT_PRODUCTS_DIR; };
		84477117228AA1E600464DCA /* EWNumberTextFieldTests.swift */ = {isa = PBXFileReference; lastKnownFileType = sourcecode.swift; path = EWNumberTextFieldTests.swift; sourceTree = "<group>"; };
		84477119228AA1E600464DCA /* Info.plist */ = {isa = PBXFileReference; lastKnownFileType = text.plist.xml; path = Info.plist; sourceTree = "<group>"; };
		8447711E228AA1E600464DCA /* EWNumberTextFieldUITests.xctest */ = {isa = PBXFileReference; explicitFileType = wrapper.cfbundle; includeInIndex = 0; path = EWNumberTextFieldUITests.xctest; sourceTree = BUILT_PRODUCTS_DIR; };
		84477122228AA1E600464DCA /* EWNumberTextFieldUITests.swift */ = {isa = PBXFileReference; lastKnownFileType = sourcecode.swift; path = EWNumberTextFieldUITests.swift; sourceTree = "<group>"; };
		84477124228AA1E600464DCA /* Info.plist */ = {isa = PBXFileReference; lastKnownFileType = text.plist.xml; path = Info.plist; sourceTree = "<group>"; };
/* End PBXFileReference section */

/* Begin PBXFrameworksBuildPhase section */
		844770FC228AA1E500464DCA /* Frameworks */ = {
			isa = PBXFrameworksBuildPhase;
			buildActionMask = 2147483647;
			files = (
			);
			runOnlyForDeploymentPostprocessing = 0;
		};
		84477110228AA1E600464DCA /* Frameworks */ = {
			isa = PBXFrameworksBuildPhase;
			buildActionMask = 2147483647;
			files = (
			);
			runOnlyForDeploymentPostprocessing = 0;
		};
		8447711B228AA1E600464DCA /* Frameworks */ = {
			isa = PBXFrameworksBuildPhase;
			buildActionMask = 2147483647;
			files = (
			);
			runOnlyForDeploymentPostprocessing = 0;
		};
/* End PBXFrameworksBuildPhase section */

/* Begin PBXGroup section */
		844770F6228AA1E500464DCA = {
			isa = PBXGroup;
			children = (
				84477101228AA1E500464DCA /* EWNumberTextField */,
				84477116228AA1E600464DCA /* EWNumberTextFieldTests */,
				84477121228AA1E600464DCA /* EWNumberTextFieldUITests */,
				84477100228AA1E500464DCA /* Products */,
			);
			sourceTree = "<group>";
		};
		84477100228AA1E500464DCA /* Products */ = {
			isa = PBXGroup;
			children = (
				844770FF228AA1E500464DCA /* EWNumberTextField.app */,
				84477113228AA1E600464DCA /* EWNumberTextFieldTests.xctest */,
				8447711E228AA1E600464DCA /* EWNumberTextFieldUITests.xctest */,
			);
			name = Products;
			sourceTree = "<group>";
		};
		84477101228AA1E500464DCA /* EWNumberTextField */ = {
			isa = PBXGroup;
			children = (
				84477102228AA1E500464DCA /* AppDelegate.swift */,
				84477104228AA1E500464DCA /* ViewController.swift */,
				84477106228AA1E500464DCA /* Main.storyboard */,
				84477109228AA1E600464DCA /* Assets.xcassets */,
				8447710B228AA1E600464DCA /* LaunchScreen.storyboard */,
				8447710E228AA1E600464DCA /* Info.plist */,
			);
			path = EWNumberTextField;
			sourceTree = "<group>";
		};
		84477116228AA1E600464DCA /* EWNumberTextFieldTests */ = {
			isa = PBXGroup;
			children = (
				84477117228AA1E600464DCA /* EWNumberTextFieldTests.swift */,
				84477119228AA1E600464DCA /* Info.plist */,
			);
			path = EWNumberTextFieldTests;
			sourceTree = "<group>";
		};
		84477121228AA1E600464DCA /* EWNumberTextFieldUITests */ = {
			isa = PBXGroup;
			children = (
				84477122228AA1E600464DCA /* EWNumberTextFieldUITests.swift */,
				84477124228AA1E600464DCA /* Info.plist */,
			);
			path = EWNumberTextFieldUITests;
			sourceTree = "<group>";
		};
/* End PBXGroup section */

/* Begin PBXNativeTarget section */
		844770FE228AA1E500464DCA /* EWNumberTextField */ = {
			isa = PBXNativeTarget;
			buildConfigurationList = 84477127228AA1E600464DCA /* Build configuration list for PBXNativeTarget "EWNumberTextField" */;
			buildPhases = (
				844770FB228AA1E500464DCA /* Sources */,
				844770FC228AA1E500464DCA /* Frameworks */,
				844770FD228AA1E500464DCA /* Resources */,
			);
			buildRules = (
			);
			dependencies = (
			);
			name = EWNumberTextField;
			productName = EWNumberTextField;
			productReference = 844770FF228AA1E500464DCA /* EWNumberTextField.app */;
			productType = "com.apple.product-type.application";
		};
		84477112228AA1E600464DCA /* EWNumberTextFieldTests */ = {
			isa = PBXNativeTarget;
			buildConfigurationList = 8447712A228AA1E600464DCA /* Build configuration list for PBXNativeTarget "EWNumberTextFieldTests" */;
			buildPhases = (
				8447710F228AA1E600464DCA /* Sources */,
				84477110228AA1E600464DCA /* Frameworks */,
				84477111228AA1E600464DCA /* Resources */,
			);
			buildRules = (
			);
			dependencies = (
				84477115228AA1E600464DCA /* PBXTargetDependency */,
			);
			name = EWNumberTextFieldTests;
			productName = EWNumberTextFieldTests;
			productReference = 84477113228AA1E600464DCA /* EWNumberTextFieldTests.xctest */;
			productType = "com.apple.product-type.bundle.unit-test";
		};
		8447711D228AA1E600464DCA /* EWNumberTextFieldUITests */ = {
			isa = PBXNativeTarget;
			buildConfigurationList = 8447712D228AA1E600464DCA /* Build configuration list for PBXNativeTarget "EWNumberTextFieldUITests" */;
			buildPhases = (
				8447711A228AA1E600464DCA /* Sources */,
				8447711B228AA1E600464DCA /* Frameworks */,
				8447711C228AA1E600464DCA /* Resources */,
			);
			buildRules = (
			);
			dependencies = (
				84477120228AA1E600464DCA /* PBXTargetDependency */,
			);
			name = EWNumberTextFieldUITests;
			productName = EWNumberTextFieldUITests;
			productReference = 8447711E228AA1E600464DCA /* EWNumberTextFieldUITests.xctest */;
			productType = "com.apple.product-type.bundle.ui-testing";
		};
/* End PBXNativeTarget section */

/* Begin PBXProject section */
		844770F7228AA1E500464DCA /* Project object */ = {
			isa = PBXProject;
			attributes = {
				LastSwiftUpdateCheck = 1020;
				LastUpgradeCheck = 1020;
				ORGANIZATIONNAME = "王利权";
				TargetAttributes = {
					844770FE228AA1E500464DCA = {
						CreatedOnToolsVersion = 10.2.1;
					};
					84477112228AA1E600464DCA = {
						CreatedOnToolsVersion = 10.2.1;
						TestTargetID = 844770FE228AA1E500464DCA;
					};
					8447711D228AA1E600464DCA = {
						CreatedOnToolsVersion = 10.2.1;
						TestTargetID = 844770FE228AA1E500464DCA;
					};
				};
			};
			buildConfigurationList = 844770FA228AA1E500464DCA /* Build configuration list for PBXProject "EWNumberTextField" */;
			compatibilityVersion = "Xcode 9.3";
			developmentRegion = en;
			hasScannedForEncodings = 0;
			knownRegions = (
				en,
				Base,
			);
			mainGroup = 844770F6228AA1E500464DCA;
			productRefGroup = 84477100228AA1E500464DCA /* Products */;
			projectDirPath = "";
			projectRoot = "";
			targets = (
				844770FE228AA1E500464DCA /* EWNumberTextField */,
				84477112228AA1E600464DCA /* EWNumberTextFieldTests */,
				8447711D228AA1E600464DCA /* EWNumberTextFieldUITests */,
			);
		};
/* End PBXProject section */

/* Begin PBXResourcesBuildPhase section */
		844770FD228AA1E500464DCA /* Resources */ = {
			isa = PBXResourcesBuildPhase;
			buildActionMask = 2147483647;
			files = (
				8447710D228AA1E600464DCA /* LaunchScreen.storyboard in Resources */,
				8447710A228AA1E600464DCA /* Assets.xcassets in Resources */,
				84477108228AA1E500464DCA /* Main.storyboard in Resources */,
			);
			runOnlyForDeploymentPostprocessing = 0;
		};
		84477111228AA1E600464DCA /* Resources */ = {
			isa = PBXResourcesBuildPhase;
			buildActionMask = 2147483647;
			files = (
			);
			runOnlyForDeploymentPostprocessing = 0;
		};
		8447711C228AA1E600464DCA /* Resources */ = {
			isa = PBXResourcesBuildPhase;
			buildActionMask = 2147483647;
			files = (
			);
			runOnlyForDeploymentPostprocessing = 0;
		};
/* End PBXResourcesBuildPhase section */

/* Begin PBXSourcesBuildPhase section */
		844770FB228AA1E500464DCA /* Sources */ = {
			isa = PBXSourcesBuildPhase;
			buildActionMask = 2147483647;
			files = (
				84477105228AA1E500464DCA /* ViewController.swift in Sources */,
				84477103228AA1E500464DCA /* AppDelegate.swift in Sources */,
			);
			runOnlyForDeploymentPostprocessing = 0;
		};
		8447710F228AA1E600464DCA /* Sources */ = {
			isa = PBXSourcesBuildPhase;
			buildActionMask = 2147483647;
			files = (
				84477118228AA1E600464DCA /* EWNumberTextFieldTests.swift in Sources */,
			);
			runOnlyForDeploymentPostprocessing = 0;
		};
		8447711A228AA1E600464DCA /* Sources */ = {
			isa = PBXSourcesBuildPhase;
			buildActionMask = 2147483647;
			files = (
				84477123228AA1E600464DCA /* EWNumberTextFieldUITests.swift in Sources */,
			);
			runOnlyForDeploymentPostprocessing = 0;
		};
/* End PBXSourcesBuildPhase section */

/* Begin PBXTargetDependency section */
		84477115228AA1E600464DCA /* PBXTargetDependency */ = {
			isa = PBXTargetDependency;
			target = 844770FE228AA1E500464DCA /* EWNumberTextField */;
			targetProxy = 84477114228AA1E600464DCA /* PBXContainerItemProxy */;
		};
		84477120228AA1E600464DCA /* PBXTargetDependency */ = {
			isa = PBXTargetDependency;
			target = 844770FE228AA1E500464DCA /* EWNumberTextField */;
			targetProxy = 8447711F228AA1E600464DCA /* PBXContainerItemProxy */;
		};
/* End PBXTargetDependency section */

/* Begin PBXVariantGroup section */
		84477106228AA1E500464DCA /* Main.storyboard */ = {
			isa = PBXVariantGroup;
			children = (
				84477107228AA1E500464DCA /* Base */,
			);
			name = Main.storyboard;
			sourceTree = "<group>";
		};
		8447710B228AA1E600464DCA /* LaunchScreen.storyboard */ = {
			isa = PBXVariantGroup;
			children = (
				8447710C228AA1E600464DCA /* Base */,
			);
			name = LaunchScreen.storyboard;
			sourceTree = "<group>";
		};
/* End PBXVariantGroup section */

/* Begin XCBuildConfiguration section */
		84477125228AA1E600464DCA /* Debug */ = {
			isa = XCBuildConfiguration;
			buildSettings = {
				ALWAYS_SEARCH_USER_PATHS = NO;
				CLANG_ANALYZER_NONNULL = YES;
				CLANG_ANALYZER_NUMBER_OBJECT_CONVERSION = YES_AGGRESSIVE;
				CLANG_CXX_LANGUAGE_STANDARD = "gnu++14";
				CLANG_CXX_LIBRARY = "libc++";
				CLANG_ENABLE_MODULES = YES;
				CLANG_ENABLE_OBJC_ARC = YES;
				CLANG_ENABLE_OBJC_WEAK = YES;
				CLANG_WARN_BLOCK_CAPTURE_AUTORELEASING = YES;
				CLANG_WARN_BOOL_CONVERSION = YES;
				CLANG_WARN_COMMA = YES;
				CLANG_WARN_CONSTANT_CONVERSION = YES;
				CLANG_WARN_DEPRECATED_OBJC_IMPLEMENTATIONS = YES;
				CLANG_WARN_DIRECT_OBJC_ISA_USAGE = YES_ERROR;
				CLANG_WARN_DOCUMENTATION_COMMENTS = YES;
				CLANG_WARN_EMPTY_BODY = YES;
				CLANG_WARN_ENUM_CONVERSION = YES;
				CLANG_WARN_INFINITE_RECURSION = YES;
				CLANG_WARN_INT_CONVERSION = YES;
				CLANG_WARN_NON_LITERAL_NULL_CONVERSION = YES;
				CLANG_WARN_OBJC_IMPLICIT_RETAIN_SELF = YES;
				CLANG_WARN_OBJC_LITERAL_CONVERSION = YES;
				CLANG_WARN_OBJC_ROOT_CLASS = YES_ERROR;
				CLANG_WARN_RANGE_LOOP_ANALYSIS = YES;
				CLANG_WARN_STRICT_PROTOTYPES = YES;
				CLANG_WARN_SUSPICIOUS_MOVE = YES;
				CLANG_WARN_UNGUARDED_AVAILABILITY = YES_AGGRESSIVE;
				CLANG_WARN_UNREACHABLE_CODE = YES;
				CLANG_WARN__DUPLICATE_METHOD_MATCH = YES;
				CODE_SIGN_IDENTITY = "iPhone Developer";
				COPY_PHASE_STRIP = NO;
				DEBUG_INFORMATION_FORMAT = dwarf;
				ENABLE_STRICT_OBJC_MSGSEND = YES;
				ENABLE_TESTABILITY = YES;
				GCC_C_LANGUAGE_STANDARD = gnu11;
				GCC_DYNAMIC_NO_PIC = NO;
				GCC_NO_COMMON_BLOCKS = YES;
				GCC_OPTIMIZATION_LEVEL = 0;
				GCC_PREPROCESSOR_DEFINITIONS = (
					"DEBUG=1",
					"$(inherited)",
				);
				GCC_WARN_64_TO_32_BIT_CONVERSION = YES;
				GCC_WARN_ABOUT_RETURN_TYPE = YES_ERROR;
				GCC_WARN_UNDECLARED_SELECTOR = YES;
				GCC_WARN_UNINITIALIZED_AUTOS = YES_AGGRESSIVE;
				GCC_WARN_UNUSED_FUNCTION = YES;
				GCC_WARN_UNUSED_VARIABLE = YES;
				IPHONEOS_DEPLOYMENT_TARGET = 12.2;
				MTL_ENABLE_DEBUG_INFO = INCLUDE_SOURCE;
				MTL_FAST_MATH = YES;
				ONLY_ACTIVE_ARCH = YES;
				SDKROOT = iphoneos;
				SWIFT_ACTIVE_COMPILATION_CONDITIONS = DEBUG;
				SWIFT_OPTIMIZATION_LEVEL = "-Onone";
			};
			name = Debug;
		};
		84477126228AA1E600464DCA /* Release */ = {
			isa = XCBuildConfiguration;
			buildSettings = {
				ALWAYS_SEARCH_USER_PATHS = NO;
				CLANG_ANALYZER_NONNULL = YES;
				CLANG_ANALYZER_NUMBER_OBJECT_CONVERSION = YES_AGGRESSIVE;
				CLANG_CXX_LANGUAGE_STANDARD = "gnu++14";
				CLANG_CXX_LIBRARY = "libc++";
				CLANG_ENABLE_MODULES = YES;
				CLANG_ENABLE_OBJC_ARC = YES;
				CLANG_ENABLE_OBJC_WEAK = YES;
				CLANG_WARN_BLOCK_CAPTURE_AUTORELEASING = YES;
				CLANG_WARN_BOOL_CONVERSION = YES;
				CLANG_WARN_COMMA = YES;
				CLANG_WARN_CONSTANT_CONVERSION = YES;
				CLANG_WARN_DEPRECATED_OBJC_IMPLEMENTATIONS = YES;
				CLANG_WARN_DIRECT_OBJC_ISA_USAGE = YES_ERROR;
				CLANG_WARN_DOCUMENTATION_COMMENTS = YES;
				CLANG_WARN_EMPTY_BODY = YES;
				CLANG_WARN_ENUM_CONVERSION = YES;
				CLANG_WARN_INFINITE_RECURSION = YES;
				CLANG_WARN_INT_CONVERSION = YES;
				CLANG_WARN_NON_LITERAL_NULL_CONVERSION = YES;
				CLANG_WARN_OBJC_IMPLICIT_RETAIN_SELF = YES;
				CLANG_WARN_OBJC_LITERAL_CONVERSION = YES;
				CLANG_WARN_OBJC_ROOT_CLASS = YES_ERROR;
				CLANG_WARN_RANGE_LOOP_ANALYSIS = YES;
				CLANG_WARN_STRICT_PROTOTYPES = YES;
				CLANG_WARN_SUSPICIOUS_MOVE = YES;
				CLANG_WARN_UNGUARDED_AVAILABILITY = YES_AGGRESSIVE;
				CLANG_WARN_UNREACHABLE_CODE = YES;
				CLANG_WARN__DUPLICATE_METHOD_MATCH = YES;
				CODE_SIGN_IDENTITY = "iPhone Developer";
				COPY_PHASE_STRIP = NO;
				DEBUG_INFORMATION_FORMAT = "dwarf-with-dsym";
				ENABLE_NS_ASSERTIONS = NO;
				ENABLE_STRICT_OBJC_MSGSEND = YES;
				GCC_C_LANGUAGE_STANDARD = gnu11;
				GCC_NO_COMMON_BLOCKS = YES;
				GCC_WARN_64_TO_32_BIT_CONVERSION = YES;
				GCC_WARN_ABOUT_RETURN_TYPE = YES_ERROR;
				GCC_WARN_UNDECLARED_SELECTOR = YES;
				GCC_WARN_UNINITIALIZED_AUTOS = YES_AGGRESSIVE;
				GCC_WARN_UNUSED_FUNCTION = YES;
				GCC_WARN_UNUSED_VARIABLE = YES;
				IPHONEOS_DEPLOYMENT_TARGET = 12.2;
				MTL_ENABLE_DEBUG_INFO = NO;
				MTL_FAST_MATH = YES;
				SDKROOT = iphoneos;
				SWIFT_COMPILATION_MODE = wholemodule;
				SWIFT_OPTIMIZATION_LEVEL = "-O";
				VALIDATE_PRODUCT = YES;
			};
			name = Release;
		};
		84477128228AA1E600464DCA /* Debug */ = {
			isa = XCBuildConfiguration;
			buildSettings = {
				ASSETCATALOG_COMPILER_APPICON_NAME = AppIcon;
				CODE_SIGN_STYLE = Automatic;
				DEVELOPMENT_TEAM = B8V4DCL3BF;
				INFOPLIST_FILE = EWNumberTextField/Info.plist;
				IPHONEOS_DEPLOYMENT_TARGET = 10.0;
				LD_RUNPATH_SEARCH_PATHS = (
					"$(inherited)",
					"@executable_path/Frameworks",
				);
				PRODUCT_BUNDLE_IDENTIFIER = com.Ethan.EWNumberTextField;
				PRODUCT_NAME = "$(TARGET_NAME)";
				SWIFT_VERSION = 5.0;
				TARGETED_DEVICE_FAMILY = "1,2";
			};
			name = Debug;
		};
		84477129228AA1E600464DCA /* Release */ = {
			isa = XCBuildConfiguration;
			buildSettings = {
				ASSETCATALOG_COMPILER_APPICON_NAME = AppIcon;
				CODE_SIGN_STYLE = Automatic;
				DEVELOPMENT_TEAM = B8V4DCL3BF;
				INFOPLIST_FILE = EWNumberTextField/Info.plist;
				IPHONEOS_DEPLOYMENT_TARGET = 10.0;
				LD_RUNPATH_SEARCH_PATHS = (
					"$(inherited)",
					"@executable_path/Frameworks",
				);
				PRODUCT_BUNDLE_IDENTIFIER = com.Ethan.EWNumberTextField;
				PRODUCT_NAME = "$(TARGET_NAME)";
				SWIFT_VERSION = 5.0;
				TARGETED_DEVICE_FAMILY = "1,2";
			};
			name = Release;
		};
		8447712B228AA1E600464DCA /* Debug */ = {
			isa = XCBuildConfiguration;
			buildSettings = {
				ALWAYS_EMBED_SWIFT_STANDARD_LIBRARIES = YES;
				BUNDLE_LOADER = "$(TEST_HOST)";
				CODE_SIGN_STYLE = Automatic;
				DEVELOPMENT_TEAM = B8V4DCL3BF;
				INFOPLIST_FILE = EWNumberTextFieldTests/Info.plist;
				LD_RUNPATH_SEARCH_PATHS = (
					"$(inherited)",
					"@executable_path/Frameworks",
					"@loader_path/Frameworks",
				);
				PRODUCT_BUNDLE_IDENTIFIER = com.Ethan.EWNumberTextFieldTests;
				PRODUCT_NAME = "$(TARGET_NAME)";
				SWIFT_VERSION = 5.0;
				TARGETED_DEVICE_FAMILY = "1,2";
				TEST_HOST = "$(BUILT_PRODUCTS_DIR)/EWNumberTextField.app/EWNumberTextField";
			};
			name = Debug;
		};
		8447712C228AA1E600464DCA /* Release */ = {
			isa = XCBuildConfiguration;
			buildSettings = {
				ALWAYS_EMBED_SWIFT_STANDARD_LIBRARIES = YES;
				BUNDLE_LOADER = "$(TEST_HOST)";
				CODE_SIGN_STYLE = Automatic;
				DEVELOPMENT_TEAM = B8V4DCL3BF;
				INFOPLIST_FILE = EWNumberTextFieldTests/Info.plist;
				LD_RUNPATH_SEARCH_PATHS = (
					"$(inherited)",
					"@executable_path/Frameworks",
					"@loader_path/Frameworks",
				);
				PRODUCT_BUNDLE_IDENTIFIER = com.Ethan.EWNumberTextFieldTests;
				PRODUCT_NAME = "$(TARGET_NAME)";
				SWIFT_VERSION = 5.0;
				TARGETED_DEVICE_FAMILY = "1,2";
				TEST_HOST = "$(BUILT_PRODUCTS_DIR)/EWNumberTextField.app/EWNumberTextField";
			};
			name = Release;
		};
		8447712E228AA1E600464DCA /* Debug */ = {
			isa = XCBuildConfiguration;
			buildSettings = {
				ALWAYS_EMBED_SWIFT_STANDARD_LIBRARIES = YES;
				CODE_SIGN_STYLE = Automatic;
				DEVELOPMENT_TEAM = B8V4DCL3BF;
				INFOPLIST_FILE = EWNumberTextFieldUITests/Info.plist;
				LD_RUNPATH_SEARCH_PATHS = (
					"$(inherited)",
					"@executable_path/Frameworks",
					"@loader_path/Frameworks",
				);
				PRODUCT_BUNDLE_IDENTIFIER = com.Ethan.EWNumberTextFieldUITests;
				PRODUCT_NAME = "$(TARGET_NAME)";
				SWIFT_VERSION = 5.0;
				TARGETED_DEVICE_FAMILY = "1,2";
				TEST_TARGET_NAME = EWNumberTextField;
			};
			name = Debug;
		};
		8447712F228AA1E600464DCA /* Release */ = {
			isa = XCBuildConfiguration;
			buildSettings = {
				ALWAYS_EMBED_SWIFT_STANDARD_LIBRARIES = YES;
				CODE_SIGN_STYLE = Automatic;
				DEVELOPMENT_TEAM = B8V4DCL3BF;
				INFOPLIST_FILE = EWNumberTextFieldUITests/Info.plist;
				LD_RUNPATH_SEARCH_PATHS = (
					"$(inherited)",
					"@executable_path/Frameworks",
					"@loader_path/Frameworks",
				);
				PRODUCT_BUNDLE_IDENTIFIER = com.Ethan.EWNumberTextFieldUITests;
				PRODUCT_NAME = "$(TARGET_NAME)";
				SWIFT_VERSION = 5.0;
				TARGETED_DEVICE_FAMILY = "1,2";
				TEST_TARGET_NAME = EWNumberTextField;
			};
			name = Release;
		};
/* End XCBuildConfiguration section */

/* Begin XCConfigurationList section */
		844770FA228AA1E500464DCA /* Build configuration list for PBXProject "EWNumberTextField" */ = {
			isa = XCConfigurationList;
			buildConfigurations = (
				84477125228AA1E600464DCA /* Debug */,
				84477126228AA1E600464DCA /* Release */,
			);
			defaultConfigurationIsVisible = 0;
			defaultConfigurationName = Release;
		};
		84477127228AA1E600464DCA /* Build configuration list for PBXNativeTarget "EWNumberTextField" */ = {
			isa = XCConfigurationList;
			buildConfigurations = (
				84477128228AA1E600464DCA /* Debug */,
				84477129228AA1E600464DCA /* Release */,
			);
			defaultConfigurationIsVisible = 0;
			defaultConfigurationName = Release;
		};
		8447712A228AA1E600464DCA /* Build configuration list for PBXNativeTarget "EWNumberTextFieldTests" */ = {
			isa = XCConfigurationList;
			buildConfigurations = (
				8447712B228AA1E600464DCA /* Debug */,
				8447712C228AA1E600464DCA /* Release */,
			);
			defaultConfigurationIsVisible = 0;
			defaultConfigurationName = Release;
		};
		8447712D228AA1E600464DCA /* Build configuration list for PBXNativeTarget "EWNumberTextFieldUITests" */ = {
			isa = XCConfigurationList;
			buildConfigurations = (
				8447712E228AA1E600464DCA /* Debug */,
				8447712F228AA1E600464DCA /* Release */,
			);
			defaultConfigurationIsVisible = 0;
			defaultConfigurationName = Release;
		};
/* End XCConfigurationList section */
	};
	rootObject = 844770F7228AA1E500464DCA /* Project object */;
}
